
Microsoft Visual Studio Solution File, Format Version 12.00
# Visual Studio Version 17
VisualStudioVersion = 17.0.31903.59
MinimumVisualStudioVersion = 10.0.40219.1
Project("{2150E333-8FDC-42A3-9474-1A3956D46DE8}") = "src", "src", "{827E0CD3-B72D-47B6-A68D-7590B98EB39B}"
EndProject
Project("{FAE04EC0-301F-11D3-BF4B-00C04F79EFBC}") = "RestApiGenerator.Core", "src\RestApiGenerator.Core\RestApiGenerator.Core.csproj", "{66D4F2B0-9DD5-4BD0-9B02-37058B0CE399}"
EndProject
Project("{2150E333-8FDC-42A3-9474-1A3956D46DE8}") = "tests", "tests", "{0AB3BF05-4346-4AA6-1389-037BE0695223}"
EndProject
Project("{FAE04EC0-301F-11D3-BF4B-00C04F79EFBC}") = "RestApiGenerator.Core.Tests", "tests\RestApiGenerator.Core.Tests\RestApiGenerator.Core.Tests.csproj", "{E4DF74FF-D270-4ACA-A8A5-22752EE69B93}"
EndProject
Project("{FAE04EC0-301F-11D3-BF4B-00C04F79EFBC}") = "RestApiGenerator.CLI", "src\RestApiGenerator.CLI\RestApiGenerator.CLI.csproj", "{36713D74-B9B2-4F4A-82DB-31DC4AA0FB27}"
EndProject
Global
	GlobalSection(SolutionConfigurationPlatforms) = preSolution
		Debug|Any CPU = Debug|Any CPU
		Debug|x64 = Debug|x64
		Debug|x86 = Debug|x86
		Release|Any CPU = Release|Any CPU
		Release|x64 = Release|x64
		Release|x86 = Release|x86
	EndGlobalSection
	GlobalSection(ProjectConfigurationPlatforms) = postSolution
		{66D4F2B0-9DD5-4BD0-9B02-37058B0CE399}.Debug|Any CPU.ActiveCfg = Debug|Any CPU
		{66D4F2B0-9DD5-4BD0-9B02-37058B0CE399}.Debug|Any CPU.Build.0 = Debug|Any CPU
		{66D4F2B0-9DD5-4BD0-9B02-37058B0CE399}.Debug|x64.ActiveCfg = Debug|Any CPU
		{66D4F2B0-9DD5-4BD0-9B02-37058B0CE399}.Debug|x64.Build.0 = Debug|Any CPU
		{66D4F2B0-9DD5-4BD0-9B02-37058B0CE399}.Debug|x86.ActiveCfg = Debug|Any CPU
		{66D4F2B0-9DD5-4BD0-9B02-37058B0CE399}.Debug|x86.Build.0 = Debug|Any CPU
		{66D4F2B0-9DD5-4BD0-9B02-37058B0CE399}.Release|Any CPU.ActiveCfg = Release|Any CPU
		{66D4F2B0-9DD5-4BD0-9B02-37058B0CE399}.Release|Any CPU.Build.0 = Release|Any CPU
		{66D4F2B0-9DD5-4BD0-9B02-37058B0CE399}.Release|x64.ActiveCfg = Release|Any CPU
		{66D4F2B0-9DD5-4BD0-9B02-37058B0CE399}.Release|x64.Build.0 = Release|Any CPU
		{66D4F2B0-9DD5-4BD0-9B02-37058B0CE399}.Release|x86.ActiveCfg = Release|Any CPU
		{66D4F2B0-9DD5-4BD0-9B02-37058B0CE399}.Release|x86.Build.0 = Release|Any CPU
		{E4DF74FF-D270-4ACA-A8A5-22752EE69B93}.Debug|Any CPU.ActiveCfg = Debug|Any CPU
		{E4DF74FF-D270-4ACA-A8A5-22752EE69B93}.Debug|Any CPU.Build.0 = Debug|Any CPU
		{E4DF74FF-D270-4ACA-A8A5-22752EE69B93}.Debug|x64.ActiveCfg = Debug|Any CPU
		{E4DF74FF-D270-4ACA-A8A5-22752EE69B93}.Debug|x64.Build.0 = Debug|Any CPU
		{E4DF74FF-D270-4ACA-A8A5-22752EE69B93}.Debug|x86.ActiveCfg = Debug|Any CPU
		{E4DF74FF-D270-4ACA-A8A5-22752EE69B93}.Debug|x86.Build.0 = Debug|Any CPU
		{E4DF74FF-D270-4ACA-A8A5-22752EE69B93}.Release|Any CPU.ActiveCfg = Release|Any CPU
		{E4DF74FF-D270-4ACA-A8A5-22752EE69B93}.Release|Any CPU.Build.0 = Release|Any CPU
		{E4DF74FF-D270-4ACA-A8A5-22752EE69B93}.Release|x64.ActiveCfg = Release|Any CPU
		{E4DF74FF-D270-4ACA-A8A5-22752EE69B93}.Release|x64.Build.0 = Release|Any CPU
		{E4DF74FF-D270-4ACA-A8A5-22752EE69B93}.Release|x86.ActiveCfg = Release|Any CPU
		{E4DF74FF-D270-4ACA-A8A5-22752EE69B93}.Release|x86.Build.0 = Release|Any CPU
		{36713D74-B9B2-4F4A-82DB-31DC4AA0FB27}.Debug|Any CPU.ActiveCfg = Debug|Any CPU
		{36713D74-B9B2-4F4A-82DB-31DC4AA0FB27}.Debug|Any CPU.Build.0 = Debug|Any CPU
		{36713D74-B9B2-4F4A-82DB-31DC4AA0FB27}.Debug|x64.ActiveCfg = Debug|Any CPU
		{36713D74-B9B2-4F4A-82DB-31DC4AA0FB27}.Debug|x64.Build.0 = Debug|Any CPU
		{36713D74-B9B2-4F4A-82DB-31DC4AA0FB27}.Debug|x86.ActiveCfg = Debug|Any CPU
		{36713D74-B9B2-4F4A-82DB-31DC4AA0FB27}.Debug|x86.Build.0 = Debug|Any CPU
		{36713D74-B9B2-4F4A-82DB-31DC4AA0FB27}.Release|Any CPU.ActiveCfg = Release|Any CPU
		{36713D74-B9B2-4F4A-82DB-31DC4AA0FB27}.Release|Any CPU.Build.0 = Release|Any CPU
		{36713D74-B9B2-4F4A-82DB-31DC4AA0FB27}.Release|x64.ActiveCfg = Release|Any CPU
		{36713D74-B9B2-4F4A-82DB-31DC4AA0FB27}.Release|x64.Build.0 = Release|Any CPU
		{36713D74-B9B2-4F4A-82DB-31DC4AA0FB27}.Release|x86.ActiveCfg = Release|Any CPU
		{36713D74-B9B2-4F4A-82DB-31DC4AA0FB27}.Release|x86.Build.0 = Release|Any CPU
	EndGlobalSection
	GlobalSection(SolutionProperties) = preSolution
		HideSolutionNode = FALSE
	EndGlobalSection
	GlobalSection(NestedProjects) = preSolution
		{66D4F2B0-9DD5-4BD0-9B02-37058B0CE399} = {827E0CD3-B72D-47B6-A68D-7590B98EB39B}
		{E4DF74FF-D270-4ACA-A8A5-22752EE69B93} = {0AB3BF05-4346-4AA6-1389-037BE0695223}
		{36713D74-B9B2-4F4A-82DB-31DC4AA0FB27} = {827E0CD3-B72D-47B6-A68D-7590B98EB39B}
	EndGlobalSection
EndGlobal
